
Microsoft Visual Studio Solution File, Format Version 12.00
Project("{FAE04EC0-301F-11D3-BF4B-00C04F79EFBC}") = "SpawnMetricsStorage", "SpawnMetricsStorage\SpawnMetricsStorage.csproj", "{B6160065-2925-493A-8E0B-95F2D1FD28D9}"
EndProject
Project("{FAE04EC0-301F-11D3-BF4B-00C04F79EFBC}") = "SpawnMetricsView", "SpawnMetricsView\SpawnMetricsView.csproj", "{8BBCFFF1-0F9C-4C7F-B655-30786A067BC4}"
EndProject
Project("{FAE04EC0-301F-11D3-BF4B-00C04F79EFBC}") = "IntegrationTests", "IntegrationTests\IntegrationTests.csproj", "{B707404B-AE06-4297-A482-8E3FF79C40DC}"
EndProject
Project("{FAE04EC0-301F-11D3-BF4B-00C04F79EFBC}") = "MetricRecordModel", "MetricRecordModel\MetricRecordModel.csproj", "{BFFC7C3F-8548-4DA7-8454-1CEB14B43B2A}"
EndProject
Project("{FAE04EC0-301F-11D3-BF4B-00C04F79EFBC}") = "SharedConstants", "SharedConstants\SharedConstants.csproj", "{5E4573FE-11DA-4F1F-8965-88597A6773D4}"
EndProject
Project("{FAE04EC0-301F-11D3-BF4B-00C04F79EFBC}") = "SpawnMetricsLogger", "SpawnMetricsLogger\SpawnMetricsLogger.csproj", "{06B31761-C042-47E5-BB41-077A841700A2}"
EndProject
Global
	GlobalSection(SolutionConfigurationPlatforms) = preSolution
		Debug|Any CPU = Debug|Any CPU
		Release|Any CPU = Release|Any CPU
	EndGlobalSection
	GlobalSection(ProjectConfigurationPlatforms) = postSolution
		{B6160065-2925-493A-8E0B-95F2D1FD28D9}.Debug|Any CPU.ActiveCfg = Debug|Any CPU
		{B6160065-2925-493A-8E0B-95F2D1FD28D9}.Debug|Any CPU.Build.0 = Debug|Any CPU
		{B6160065-2925-493A-8E0B-95F2D1FD28D9}.Release|Any CPU.ActiveCfg = Release|Any CPU
		{B6160065-2925-493A-8E0B-95F2D1FD28D9}.Release|Any CPU.Build.0 = Release|Any CPU
		{8BBCFFF1-0F9C-4C7F-B655-30786A067BC4}.Debug|Any CPU.ActiveCfg = Debug|Any CPU
		{8BBCFFF1-0F9C-4C7F-B655-30786A067BC4}.Debug|Any CPU.Build.0 = Debug|Any CPU
		{8BBCFFF1-0F9C-4C7F-B655-30786A067BC4}.Release|Any CPU.ActiveCfg = Release|Any CPU
		{8BBCFFF1-0F9C-4C7F-B655-30786A067BC4}.Release|Any CPU.Build.0 = Release|Any CPU
		{B707404B-AE06-4297-A482-8E3FF79C40DC}.Debug|Any CPU.ActiveCfg = Debug|Any CPU
		{B707404B-AE06-4297-A482-8E3FF79C40DC}.Debug|Any CPU.Build.0 = Debug|Any CPU
		{B707404B-AE06-4297-A482-8E3FF79C40DC}.Release|Any CPU.ActiveCfg = Release|Any CPU
		{B707404B-AE06-4297-A482-8E3FF79C40DC}.Release|Any CPU.Build.0 = Release|Any CPU
		{BFFC7C3F-8548-4DA7-8454-1CEB14B43B2A}.Debug|Any CPU.ActiveCfg = Debug|Any CPU
		{BFFC7C3F-8548-4DA7-8454-1CEB14B43B2A}.Debug|Any CPU.Build.0 = Debug|Any CPU
		{BFFC7C3F-8548-4DA7-8454-1CEB14B43B2A}.Release|Any CPU.ActiveCfg = Release|Any CPU
		{BFFC7C3F-8548-4DA7-8454-1CEB14B43B2A}.Release|Any CPU.Build.0 = Release|Any CPU
		{5E4573FE-11DA-4F1F-8965-88597A6773D4}.Debug|Any CPU.ActiveCfg = Debug|Any CPU
		{5E4573FE-11DA-4F1F-8965-88597A6773D4}.Debug|Any CPU.Build.0 = Debug|Any CPU
		{5E4573FE-11DA-4F1F-8965-88597A6773D4}.Release|Any CPU.ActiveCfg = Release|Any CPU
		{5E4573FE-11DA-4F1F-8965-88597A6773D4}.Release|Any CPU.Build.0 = Release|Any CPU
		{06B31761-C042-47E5-BB41-077A841700A2}.Debug|Any CPU.ActiveCfg = Debug|Any CPU
		{06B31761-C042-47E5-BB41-077A841700A2}.Debug|Any CPU.Build.0 = Debug|Any CPU
		{06B31761-C042-47E5-BB41-077A841700A2}.Release|Any CPU.ActiveCfg = Release|Any CPU
		{06B31761-C042-47E5-BB41-077A841700A2}.Release|Any CPU.Build.0 = Release|Any CPU
	EndGlobalSection
EndGlobal
